// !$*UTF8*$!
{
	archiveVersion = 1;
	classes = {
	};
	objectVersion = 50;
	objects = {

/* Begin PBXBuildFile section */
		5205503625B8762000ABE81B /* AppDelegate.swift in Sources */ = {isa = PBXBuildFile; fileRef = 5205503525B8762000ABE81B /* AppDelegate.swift */; };
		5205503825B8762000ABE81B /* SceneDelegate.swift in Sources */ = {isa = PBXBuildFile; fileRef = 5205503725B8762000ABE81B /* SceneDelegate.swift */; };
		5205503F25B8762300ABE81B /* Assets.xcassets in Resources */ = {isa = PBXBuildFile; fileRef = 5205503E25B8762300ABE81B /* Assets.xcassets */; };
		5205504225B8762300ABE81B /* LaunchScreen.storyboard in Resources */ = {isa = PBXBuildFile; fileRef = 5205504025B8762300ABE81B /* LaunchScreen.storyboard */; };
		5205504D25B8762300ABE81B /* MuslimAssisstantAssessmentTests.swift in Sources */ = {isa = PBXBuildFile; fileRef = 5205504C25B8762300ABE81B /* MuslimAssisstantAssessmentTests.swift */; };
		5205505825B8762300ABE81B /* MuslimAssisstantAssessmentUITests.swift in Sources */ = {isa = PBXBuildFile; fileRef = 5205505725B8762300ABE81B /* MuslimAssisstantAssessmentUITests.swift */; };
		5205507625B87D7F00ABE81B /* APIManager.swift in Sources */ = {isa = PBXBuildFile; fileRef = 5205507525B87D7F00ABE81B /* APIManager.swift */; };
		5205507E25B87DCC00ABE81B /* HomeVC.swift in Sources */ = {isa = PBXBuildFile; fileRef = 5205507D25B87DCC00ABE81B /* HomeVC.swift */; };
		5205508325B89C9200ABE81B /* CountryDetailsVC.swift in Sources */ = {isa = PBXBuildFile; fileRef = 5205508225B89C9200ABE81B /* CountryDetailsVC.swift */; };
		5205508825B8A49F00ABE81B /* Constants.swift in Sources */ = {isa = PBXBuildFile; fileRef = 5205508725B8A49F00ABE81B /* Constants.swift */; };
		5216FE3525B8B6AB00ECA594 /* CountryStatistics.swift in Sources */ = {isa = PBXBuildFile; fileRef = 5216FE3425B8B6AB00ECA594 /* CountryStatistics.swift */; };
		5216FE3E25B940FF00ECA594 /* Extensions.swift in Sources */ = {isa = PBXBuildFile; fileRef = 5216FE3D25B940FF00ECA594 /* Extensions.swift */; };
		5216FE4625B9441100ECA594 /* StatisticCardView.swift in Sources */ = {isa = PBXBuildFile; fileRef = 5216FE4525B9441100ECA594 /* StatisticCardView.swift */; };
		5216FE4B25B95B0F00ECA594 /* StatisticCardDetailView.swift in Sources */ = {isa = PBXBuildFile; fileRef = 5216FE4A25B95B0F00ECA594 /* StatisticCardDetailView.swift */; };
		5216FE5625B9F9AA00ECA594 /* APIManagerProtocol.swift in Sources */ = {isa = PBXBuildFile; fileRef = 5216FE5525B9F9AA00ECA594 /* APIManagerProtocol.swift */; };
		5216FE5C25B9FAC200ECA594 /* MockAPIManger.swift in Sources */ = {isa = PBXBuildFile; fileRef = 5216FE5B25B9FAC200ECA594 /* MockAPIManger.swift */; };
/* End PBXBuildFile section */

/* Begin PBXContainerItemProxy section */
		5205504925B8762300ABE81B /* PBXContainerItemProxy */ = {
			isa = PBXContainerItemProxy;
			containerPortal = 5205502A25B8762000ABE81B /* Project object */;
			proxyType = 1;
			remoteGlobalIDString = 5205503125B8762000ABE81B;
			remoteInfo = MuslimAssisstantAssessment;
		};
		5205505425B8762300ABE81B /* PBXContainerItemProxy */ = {
			isa = PBXContainerItemProxy;
			containerPortal = 5205502A25B8762000ABE81B /* Project object */;
			proxyType = 1;
			remoteGlobalIDString = 5205503125B8762000ABE81B;
			remoteInfo = MuslimAssisstantAssessment;
		};
/* End PBXContainerItemProxy section */

/* Begin PBXFileReference section */
		5205503225B8762000ABE81B /* MuslimAssisstantAssessment.app */ = {isa = PBXFileReference; explicitFileType = wrapper.application; includeInIndex = 0; path = MuslimAssisstantAssessment.app; sourceTree = BUILT_PRODUCTS_DIR; };
		5205503525B8762000ABE81B /* AppDelegate.swift */ = {isa = PBXFileReference; lastKnownFileType = sourcecode.swift; path = AppDelegate.swift; sourceTree = "<group>"; };
		5205503725B8762000ABE81B /* SceneDelegate.swift */ = {isa = PBXFileReference; lastKnownFileType = sourcecode.swift; path = SceneDelegate.swift; sourceTree = "<group>"; };
		5205503E25B8762300ABE81B /* Assets.xcassets */ = {isa = PBXFileReference; lastKnownFileType = folder.assetcatalog; path = Assets.xcassets; sourceTree = "<group>"; };
		5205504125B8762300ABE81B /* Base */ = {isa = PBXFileReference; lastKnownFileType = file.storyboard; name = Base; path = Base.lproj/LaunchScreen.storyboard; sourceTree = "<group>"; };
		5205504325B8762300ABE81B /* Info.plist */ = {isa = PBXFileReference; lastKnownFileType = text.plist.xml; path = Info.plist; sourceTree = "<group>"; };
		5205504825B8762300ABE81B /* MuslimAssisstantAssessmentTests.xctest */ = {isa = PBXFileReference; explicitFileType = wrapper.cfbundle; includeInIndex = 0; path = MuslimAssisstantAssessmentTests.xctest; sourceTree = BUILT_PRODUCTS_DIR; };
		5205504C25B8762300ABE81B /* MuslimAssisstantAssessmentTests.swift */ = {isa = PBXFileReference; lastKnownFileType = sourcecode.swift; path = MuslimAssisstantAssessmentTests.swift; sourceTree = "<group>"; };
		5205504E25B8762300ABE81B /* Info.plist */ = {isa = PBXFileReference; lastKnownFileType = text.plist.xml; path = Info.plist; sourceTree = "<group>"; };
		5205505325B8762300ABE81B /* MuslimAssisstantAssessmentUITests.xctest */ = {isa = PBXFileReference; explicitFileType = wrapper.cfbundle; includeInIndex = 0; path = MuslimAssisstantAssessmentUITests.xctest; sourceTree = BUILT_PRODUCTS_DIR; };
		5205505725B8762300ABE81B /* MuslimAssisstantAssessmentUITests.swift */ = {isa = PBXFileReference; lastKnownFileType = sourcecode.swift; path = MuslimAssisstantAssessmentUITests.swift; sourceTree = "<group>"; };
		5205505925B8762300ABE81B /* Info.plist */ = {isa = PBXFileReference; lastKnownFileType = text.plist.xml; path = Info.plist; sourceTree = "<group>"; };
		5205507525B87D7F00ABE81B /* APIManager.swift */ = {isa = PBXFileReference; lastKnownFileType = sourcecode.swift; path = APIManager.swift; sourceTree = "<group>"; };
		5205507D25B87DCC00ABE81B /* HomeVC.swift */ = {isa = PBXFileReference; lastKnownFileType = sourcecode.swift; path = HomeVC.swift; sourceTree = "<group>"; };
		5205508225B89C9200ABE81B /* CountryDetailsVC.swift */ = {isa = PBXFileReference; lastKnownFileType = sourcecode.swift; path = CountryDetailsVC.swift; sourceTree = "<group>"; };
		5205508725B8A49F00ABE81B /* Constants.swift */ = {isa = PBXFileReference; lastKnownFileType = sourcecode.swift; path = Constants.swift; sourceTree = "<group>"; };
		5216FE3425B8B6AB00ECA594 /* CountryStatistics.swift */ = {isa = PBXFileReference; lastKnownFileType = sourcecode.swift; path = CountryStatistics.swift; sourceTree = "<group>"; };
		5216FE3D25B940FF00ECA594 /* Extensions.swift */ = {isa = PBXFileReference; lastKnownFileType = sourcecode.swift; path = Extensions.swift; sourceTree = "<group>"; };
		5216FE4525B9441100ECA594 /* StatisticCardView.swift */ = {isa = PBXFileReference; lastKnownFileType = sourcecode.swift; path = StatisticCardView.swift; sourceTree = "<group>"; };
		5216FE4A25B95B0F00ECA594 /* StatisticCardDetailView.swift */ = {isa = PBXFileReference; lastKnownFileType = sourcecode.swift; path = StatisticCardDetailView.swift; sourceTree = "<group>"; };
		5216FE5525B9F9AA00ECA594 /* APIManagerProtocol.swift */ = {isa = PBXFileReference; lastKnownFileType = sourcecode.swift; path = APIManagerProtocol.swift; sourceTree = "<group>"; };
		5216FE5B25B9FAC200ECA594 /* MockAPIManger.swift */ = {isa = PBXFileReference; lastKnownFileType = sourcecode.swift; path = MockAPIManger.swift; sourceTree = "<group>"; };
/* End PBXFileReference section */

/* Begin PBXFrameworksBuildPhase section */
		5205502F25B8762000ABE81B /* Frameworks */ = {
			isa = PBXFrameworksBuildPhase;
			buildActionMask = 2147483647;
			files = (
			);
			runOnlyForDeploymentPostprocessing = 0;
		};
		5205504525B8762300ABE81B /* Frameworks */ = {
			isa = PBXFrameworksBuildPhase;
			buildActionMask = 2147483647;
			files = (
			);
			runOnlyForDeploymentPostprocessing = 0;
		};
		5205505025B8762300ABE81B /* Frameworks */ = {
			isa = PBXFrameworksBuildPhase;
			buildActionMask = 2147483647;
			files = (
			);
			runOnlyForDeploymentPostprocessing = 0;
		};
/* End PBXFrameworksBuildPhase section */

/* Begin PBXGroup section */
		5205502925B8762000ABE81B = {
			isa = PBXGroup;
			children = (
				5205503425B8762000ABE81B /* MuslimAssisstantAssessment */,
				5205504B25B8762300ABE81B /* MuslimAssisstantAssessmentTests */,
				5205505625B8762300ABE81B /* MuslimAssisstantAssessmentUITests */,
				5205503325B8762000ABE81B /* Products */,
			);
			sourceTree = "<group>";
		};
		5205503325B8762000ABE81B /* Products */ = {
			isa = PBXGroup;
			children = (
				5205503225B8762000ABE81B /* MuslimAssisstantAssessment.app */,
				5205504825B8762300ABE81B /* MuslimAssisstantAssessmentTests.xctest */,
				5205505325B8762300ABE81B /* MuslimAssisstantAssessmentUITests.xctest */,
			);
			name = Products;
			sourceTree = "<group>";
		};
		5205503425B8762000ABE81B /* MuslimAssisstantAssessment */ = {
			isa = PBXGroup;
			children = (
				5216FE3C25B940E900ECA594 /* Utilities */,
				5205507425B87D6D00ABE81B /* Managers */,
				5205507325B87D2E00ABE81B /* Models */,
				5205507225B87D2400ABE81B /* Views */,
				5205507125B87D1500ABE81B /* Controllers */,
				5205503525B8762000ABE81B /* AppDelegate.swift */,
				5205503725B8762000ABE81B /* SceneDelegate.swift */,
				5205503E25B8762300ABE81B /* Assets.xcassets */,
				5205504025B8762300ABE81B /* LaunchScreen.storyboard */,
				5205504325B8762300ABE81B /* Info.plist */,
				5205508725B8A49F00ABE81B /* Constants.swift */,
			);
			path = MuslimAssisstantAssessment;
			sourceTree = "<group>";
		};
		5205504B25B8762300ABE81B /* MuslimAssisstantAssessmentTests */ = {
			isa = PBXGroup;
			children = (
				5216FE5A25B9FAA900ECA594 /* Mocks */,
				5205504C25B8762300ABE81B /* MuslimAssisstantAssessmentTests.swift */,
				5205504E25B8762300ABE81B /* Info.plist */,
			);
			path = MuslimAssisstantAssessmentTests;
			sourceTree = "<group>";
		};
		5205505625B8762300ABE81B /* MuslimAssisstantAssessmentUITests */ = {
			isa = PBXGroup;
			children = (
				5205505725B8762300ABE81B /* MuslimAssisstantAssessmentUITests.swift */,
				5205505925B8762300ABE81B /* Info.plist */,
			);
			path = MuslimAssisstantAssessmentUITests;
			sourceTree = "<group>";
		};
		5205507125B87D1500ABE81B /* Controllers */ = {
			isa = PBXGroup;
			children = (
				5205507D25B87DCC00ABE81B /* HomeVC.swift */,
				5205508225B89C9200ABE81B /* CountryDetailsVC.swift */,
			);
			path = Controllers;
			sourceTree = "<group>";
		};
		5205507225B87D2400ABE81B /* Views */ = {
			isa = PBXGroup;
			children = (
				5216FE4525B9441100ECA594 /* StatisticCardView.swift */,
				5216FE4A25B95B0F00ECA594 /* StatisticCardDetailView.swift */,
			);
			path = Views;
			sourceTree = "<group>";
		};
		5205507325B87D2E00ABE81B /* Models */ = {
			isa = PBXGroup;
			children = (
				5216FE3425B8B6AB00ECA594 /* CountryStatistics.swift */,
			);
			path = Models;
			sourceTree = "<group>";
		};
		5205507425B87D6D00ABE81B /* Managers */ = {
			isa = PBXGroup;
			children = (
				5205507525B87D7F00ABE81B /* APIManager.swift */,
				5216FE5525B9F9AA00ECA594 /* APIManagerProtocol.swift */,
			);
			path = Managers;
			sourceTree = "<group>";
		};
		5216FE3C25B940E900ECA594 /* Utilities */ = {
			isa = PBXGroup;
			children = (
				5216FE3D25B940FF00ECA594 /* Extensions.swift */,
			);
			path = Utilities;
			sourceTree = "<group>";
		};
		5216FE5A25B9FAA900ECA594 /* Mocks */ = {
			isa = PBXGroup;
			children = (
				5216FE5B25B9FAC200ECA594 /* MockAPIManger.swift */,
			);
			path = Mocks;
			sourceTree = "<group>";
		};
/* End PBXGroup section */

/* Begin PBXNativeTarget section */
		5205503125B8762000ABE81B /* MuslimAssisstantAssessment */ = {
			isa = PBXNativeTarget;
			buildConfigurationList = 5205505C25B8762300ABE81B /* Build configuration list for PBXNativeTarget "MuslimAssisstantAssessment" */;
			buildPhases = (
				5205502E25B8762000ABE81B /* Sources */,
				5205502F25B8762000ABE81B /* Frameworks */,
				5205503025B8762000ABE81B /* Resources */,
			);
			buildRules = (
			);
			dependencies = (
			);
			name = MuslimAssisstantAssessment;
			productName = MuslimAssisstantAssessment;
			productReference = 5205503225B8762000ABE81B /* MuslimAssisstantAssessment.app */;
			productType = "com.apple.product-type.application";
		};
		5205504725B8762300ABE81B /* MuslimAssisstantAssessmentTests */ = {
			isa = PBXNativeTarget;
			buildConfigurationList = 5205505F25B8762300ABE81B /* Build configuration list for PBXNativeTarget "MuslimAssisstantAssessmentTests" */;
			buildPhases = (
				5205504425B8762300ABE81B /* Sources */,
				5205504525B8762300ABE81B /* Frameworks */,
				5205504625B8762300ABE81B /* Resources */,
			);
			buildRules = (
			);
			dependencies = (
				5205504A25B8762300ABE81B /* PBXTargetDependency */,
			);
			name = MuslimAssisstantAssessmentTests;
			productName = MuslimAssisstantAssessmentTests;
			productReference = 5205504825B8762300ABE81B /* MuslimAssisstantAssessmentTests.xctest */;
			productType = "com.apple.product-type.bundle.unit-test";
		};
		5205505225B8762300ABE81B /* MuslimAssisstantAssessmentUITests */ = {
			isa = PBXNativeTarget;
			buildConfigurationList = 5205506225B8762300ABE81B /* Build configuration list for PBXNativeTarget "MuslimAssisstantAssessmentUITests" */;
			buildPhases = (
				5205504F25B8762300ABE81B /* Sources */,
				5205505025B8762300ABE81B /* Frameworks */,
				5205505125B8762300ABE81B /* Resources */,
			);
			buildRules = (
			);
			dependencies = (
				5205505525B8762300ABE81B /* PBXTargetDependency */,
			);
			name = MuslimAssisstantAssessmentUITests;
			productName = MuslimAssisstantAssessmentUITests;
			productReference = 5205505325B8762300ABE81B /* MuslimAssisstantAssessmentUITests.xctest */;
			productType = "com.apple.product-type.bundle.ui-testing";
		};
/* End PBXNativeTarget section */

/* Begin PBXProject section */
		5205502A25B8762000ABE81B /* Project object */ = {
			isa = PBXProject;
			attributes = {
				LastSwiftUpdateCheck = 1220;
				LastUpgradeCheck = 1220;
				TargetAttributes = {
					5205503125B8762000ABE81B = {
						CreatedOnToolsVersion = 12.2;
					};
					5205504725B8762300ABE81B = {
						CreatedOnToolsVersion = 12.2;
						TestTargetID = 5205503125B8762000ABE81B;
					};
					5205505225B8762300ABE81B = {
						CreatedOnToolsVersion = 12.2;
						TestTargetID = 5205503125B8762000ABE81B;
					};
				};
			};
			buildConfigurationList = 5205502D25B8762000ABE81B /* Build configuration list for PBXProject "MuslimAssisstantAssessment" */;
			compatibilityVersion = "Xcode 9.3";
			developmentRegion = en;
			hasScannedForEncodings = 0;
			knownRegions = (
				en,
				Base,
			);
			mainGroup = 5205502925B8762000ABE81B;
			productRefGroup = 5205503325B8762000ABE81B /* Products */;
			projectDirPath = "";
			projectRoot = "";
			targets = (
				5205503125B8762000ABE81B /* MuslimAssisstantAssessment */,
				5205504725B8762300ABE81B /* MuslimAssisstantAssessmentTests */,
				5205505225B8762300ABE81B /* MuslimAssisstantAssessmentUITests */,
			);
		};
/* End PBXProject section */

/* Begin PBXResourcesBuildPhase section */
		5205503025B8762000ABE81B /* Resources */ = {
			isa = PBXResourcesBuildPhase;
			buildActionMask = 2147483647;
			files = (
				5205504225B8762300ABE81B /* LaunchScreen.storyboard in Resources */,
				5205503F25B8762300ABE81B /* Assets.xcassets in Resources */,
			);
			runOnlyForDeploymentPostprocessing = 0;
		};
		5205504625B8762300ABE81B /* Resources */ = {
			isa = PBXResourcesBuildPhase;
			buildActionMask = 2147483647;
			files = (
			);
			runOnlyForDeploymentPostprocessing = 0;
		};
		5205505125B8762300ABE81B /* Resources */ = {
			isa = PBXResourcesBuildPhase;
			buildActionMask = 2147483647;
			files = (
			);
			runOnlyForDeploymentPostprocessing = 0;
		};
/* End PBXResourcesBuildPhase section */

/* Begin PBXSourcesBuildPhase section */
		5205502E25B8762000ABE81B /* Sources */ = {
			isa = PBXSourcesBuildPhase;
			buildActionMask = 2147483647;
			files = (
				5216FE4B25B95B0F00ECA594 /* StatisticCardDetailView.swift in Sources */,
				5205507625B87D7F00ABE81B /* APIManager.swift in Sources */,
				5205507E25B87DCC00ABE81B /* HomeVC.swift in Sources */,
				5216FE4625B9441100ECA594 /* StatisticCardView.swift in Sources */,
				5205508325B89C9200ABE81B /* CountryDetailsVC.swift in Sources */,
				5216FE5625B9F9AA00ECA594 /* APIManagerProtocol.swift in Sources */,
				5216FE3E25B940FF00ECA594 /* Extensions.swift in Sources */,
				5205503625B8762000ABE81B /* AppDelegate.swift in Sources */,
				5216FE3525B8B6AB00ECA594 /* CountryStatistics.swift in Sources */,
				5205503825B8762000ABE81B /* SceneDelegate.swift in Sources */,
				5205508825B8A49F00ABE81B /* Constants.swift in Sources */,
			);
			runOnlyForDeploymentPostprocessing = 0;
		};
		5205504425B8762300ABE81B /* Sources */ = {
			isa = PBXSourcesBuildPhase;
			buildActionMask = 2147483647;
			files = (
				5216FE5C25B9FAC200ECA594 /* MockAPIManger.swift in Sources */,
				5205504D25B8762300ABE81B /* MuslimAssisstantAssessmentTests.swift in Sources */,
			);
			runOnlyForDeploymentPostprocessing = 0;
		};
		5205504F25B8762300ABE81B /* Sources */ = {
			isa = PBXSourcesBuildPhase;
			buildActionMask = 2147483647;
			files = (
				5205505825B8762300ABE81B /* MuslimAssisstantAssessmentUITests.swift in Sources */,
			);
			runOnlyForDeploymentPostprocessing = 0;
		};
/* End PBXSourcesBuildPhase section */

/* Begin PBXTargetDependency section */
		5205504A25B8762300ABE81B /* PBXTargetDependency */ = {
			isa = PBXTargetDependency;
			target = 5205503125B8762000ABE81B /* MuslimAssisstantAssessment */;
			targetProxy = 5205504925B8762300ABE81B /* PBXContainerItemProxy */;
		};
		5205505525B8762300ABE81B /* PBXTargetDependency */ = {
			isa = PBXTargetDependency;
			target = 5205503125B8762000ABE81B /* MuslimAssisstantAssessment */;
			targetProxy = 5205505425B8762300ABE81B /* PBXContainerItemProxy */;
		};
/* End PBXTargetDependency section */

/* Begin PBXVariantGroup section */
		5205504025B8762300ABE81B /* LaunchScreen.storyboard */ = {
			isa = PBXVariantGroup;
			children = (
				5205504125B8762300ABE81B /* Base */,
			);
			name = LaunchScreen.storyboard;
			sourceTree = "<group>";
		};
/* End PBXVariantGroup section */

/* Begin XCBuildConfiguration section */
		5205505A25B8762300ABE81B /* Debug */ = {
			isa = XCBuildConfiguration;
			buildSettings = {
				ALWAYS_SEARCH_USER_PATHS = NO;
				CLANG_ANALYZER_NONNULL = YES;
				CLANG_ANALYZER_NUMBER_OBJECT_CONVERSION = YES_AGGRESSIVE;
				CLANG_CXX_LANGUAGE_STANDARD = "gnu++14";
				CLANG_CXX_LIBRARY = "libc++";
				CLANG_ENABLE_MODULES = YES;
				CLANG_ENABLE_OBJC_ARC = YES;
				CLANG_ENABLE_OBJC_WEAK = YES;
				CLANG_WARN_BLOCK_CAPTURE_AUTORELEASING = YES;
				CLANG_WARN_BOOL_CONVERSION = YES;
				CLANG_WARN_COMMA = YES;
				CLANG_WARN_CONSTANT_CONVERSION = YES;
				CLANG_WARN_DEPRECATED_OBJC_IMPLEMENTATIONS = YES;
				CLANG_WARN_DIRECT_OBJC_ISA_USAGE = YES_ERROR;
				CLANG_WARN_DOCUMENTATION_COMMENTS = YES;
				CLANG_WARN_EMPTY_BODY = YES;
				CLANG_WARN_ENUM_CONVERSION = YES;
				CLANG_WARN_INFINITE_RECURSION = YES;
				CLANG_WARN_INT_CONVERSION = YES;
				CLANG_WARN_NON_LITERAL_NULL_CONVERSION = YES;
				CLANG_WARN_OBJC_IMPLICIT_RETAIN_SELF = YES;
				CLANG_WARN_OBJC_LITERAL_CONVERSION = YES;
				CLANG_WARN_OBJC_ROOT_CLASS = YES_ERROR;
				CLANG_WARN_QUOTED_INCLUDE_IN_FRAMEWORK_HEADER = YES;
				CLANG_WARN_RANGE_LOOP_ANALYSIS = YES;
				CLANG_WARN_STRICT_PROTOTYPES = YES;
				CLANG_WARN_SUSPICIOUS_MOVE = YES;
				CLANG_WARN_UNGUARDED_AVAILABILITY = YES_AGGRESSIVE;
				CLANG_WARN_UNREACHABLE_CODE = YES;
				CLANG_WARN__DUPLICATE_METHOD_MATCH = YES;
				COPY_PHASE_STRIP = NO;
				DEBUG_INFORMATION_FORMAT = dwarf;
				ENABLE_STRICT_OBJC_MSGSEND = YES;
				ENABLE_TESTABILITY = YES;
				GCC_C_LANGUAGE_STANDARD = gnu11;
				GCC_DYNAMIC_NO_PIC = NO;
				GCC_NO_COMMON_BLOCKS = YES;
				GCC_OPTIMIZATION_LEVEL = 0;
				GCC_PREPROCESSOR_DEFINITIONS = (
					"DEBUG=1",
					"$(inherited)",
				);
				GCC_WARN_64_TO_32_BIT_CONVERSION = YES;
				GCC_WARN_ABOUT_RETURN_TYPE = YES_ERROR;
				GCC_WARN_UNDECLARED_SELECTOR = YES;
				GCC_WARN_UNINITIALIZED_AUTOS = YES_AGGRESSIVE;
				GCC_WARN_UNUSED_FUNCTION = YES;
				GCC_WARN_UNUSED_VARIABLE = YES;
				IPHONEOS_DEPLOYMENT_TARGET = 14.2;
				MTL_ENABLE_DEBUG_INFO = INCLUDE_SOURCE;
				MTL_FAST_MATH = YES;
				ONLY_ACTIVE_ARCH = YES;
				SDKROOT = iphoneos;
				SWIFT_ACTIVE_COMPILATION_CONDITIONS = DEBUG;
				SWIFT_OPTIMIZATION_LEVEL = "-Onone";
			};
			name = Debug;
		};
		5205505B25B8762300ABE81B /* Release */ = {
			isa = XCBuildConfiguration;
			buildSettings = {
				ALWAYS_SEARCH_USER_PATHS = NO;
				CLANG_ANALYZER_NONNULL = YES;
				CLANG_ANALYZER_NUMBER_OBJECT_CONVERSION = YES_AGGRESSIVE;
				CLANG_CXX_LANGUAGE_STANDARD = "gnu++14";
				CLANG_CXX_LIBRARY = "libc++";
				CLANG_ENABLE_MODULES = YES;
				CLANG_ENABLE_OBJC_ARC = YES;
				CLANG_ENABLE_OBJC_WEAK = YES;
				CLANG_WARN_BLOCK_CAPTURE_AUTORELEASING = YES;
				CLANG_WARN_BOOL_CONVERSION = YES;
				CLANG_WARN_COMMA = YES;
				CLANG_WARN_CONSTANT_CONVERSION = YES;
				CLANG_WARN_DEPRECATED_OBJC_IMPLEMENTATIONS = YES;
				CLANG_WARN_DIRECT_OBJC_ISA_USAGE = YES_ERROR;
				CLANG_WARN_DOCUMENTATION_COMMENTS = YES;
				CLANG_WARN_EMPTY_BODY = YES;
				CLANG_WARN_ENUM_CONVERSION = YES;
				CLANG_WARN_INFINITE_RECURSION = YES;
				CLANG_WARN_INT_CONVERSION = YES;
				CLANG_WARN_NON_LITERAL_NULL_CONVERSION = YES;
				CLANG_WARN_OBJC_IMPLICIT_RETAIN_SELF = YES;
				CLANG_WARN_OBJC_LITERAL_CONVERSION = YES;
				CLANG_WARN_OBJC_ROOT_CLASS = YES_ERROR;
				CLANG_WARN_QUOTED_INCLUDE_IN_FRAMEWORK_HEADER = YES;
				CLANG_WARN_RANGE_LOOP_ANALYSIS = YES;
				CLANG_WARN_STRICT_PROTOTYPES = YES;
				CLANG_WARN_SUSPICIOUS_MOVE = YES;
				CLANG_WARN_UNGUARDED_AVAILABILITY = YES_AGGRESSIVE;
				CLANG_WARN_UNREACHABLE_CODE = YES;
				CLANG_WARN__DUPLICATE_METHOD_MATCH = YES;
				COPY_PHASE_STRIP = NO;
				DEBUG_INFORMATION_FORMAT = "dwarf-with-dsym";
				ENABLE_NS_ASSERTIONS = NO;
				ENABLE_STRICT_OBJC_MSGSEND = YES;
				GCC_C_LANGUAGE_STANDARD = gnu11;
				GCC_NO_COMMON_BLOCKS = YES;
				GCC_WARN_64_TO_32_BIT_CONVERSION = YES;
				GCC_WARN_ABOUT_RETURN_TYPE = YES_ERROR;
				GCC_WARN_UNDECLARED_SELECTOR = YES;
				GCC_WARN_UNINITIALIZED_AUTOS = YES_AGGRESSIVE;
				GCC_WARN_UNUSED_FUNCTION = YES;
				GCC_WARN_UNUSED_VARIABLE = YES;
				IPHONEOS_DEPLOYMENT_TARGET = 14.2;
				MTL_ENABLE_DEBUG_INFO = NO;
				MTL_FAST_MATH = YES;
				SDKROOT = iphoneos;
				SWIFT_COMPILATION_MODE = wholemodule;
				SWIFT_OPTIMIZATION_LEVEL = "-O";
				VALIDATE_PRODUCT = YES;
			};
			name = Release;
		};
		5205505D25B8762300ABE81B /* Debug */ = {
			isa = XCBuildConfiguration;
			buildSettings = {
				ASSETCATALOG_COMPILER_APPICON_NAME = AppIcon;
				ASSETCATALOG_COMPILER_GLOBAL_ACCENT_COLOR_NAME = AccentColor;
				CODE_SIGN_STYLE = Automatic;
				DEVELOPMENT_TEAM = RU825ZFXVH;
				INFOPLIST_FILE = MuslimAssisstantAssessment/Info.plist;
				IPHONEOS_DEPLOYMENT_TARGET = 11.0;
				LD_RUNPATH_SEARCH_PATHS = (
					"$(inherited)",
					"@executable_path/Frameworks",
				);
				PRODUCT_BUNDLE_IDENTIFIER = com.MacBookPro.Amj94.MuslimAssisstantAssessment;
				PRODUCT_NAME = "$(TARGET_NAME)";
				SWIFT_VERSION = 5.0;
				TARGETED_DEVICE_FAMILY = "1,2";
			};
			name = Debug;
		};
		5205505E25B8762300ABE81B /* Release */ = {
			isa = XCBuildConfiguration;
			buildSettings = {
				ASSETCATALOG_COMPILER_APPICON_NAME = AppIcon;
				ASSETCATALOG_COMPILER_GLOBAL_ACCENT_COLOR_NAME = AccentColor;
				CODE_SIGN_STYLE = Automatic;
				DEVELOPMENT_TEAM = RU825ZFXVH;
				INFOPLIST_FILE = MuslimAssisstantAssessment/Info.plist;
				IPHONEOS_DEPLOYMENT_TARGET = 11.0;
				LD_RUNPATH_SEARCH_PATHS = (
					"$(inherited)",
					"@executable_path/Frameworks",
				);
				PRODUCT_BUNDLE_IDENTIFIER = com.MacBookPro.Amj94.MuslimAssisstantAssessment;
				PRODUCT_NAME = "$(TARGET_NAME)";
				SWIFT_VERSION = 5.0;
				TARGETED_DEVICE_FAMILY = "1,2";
			};
			name = Release;
		};
		5205506025B8762300ABE81B /* Debug */ = {
			isa = XCBuildConfiguration;
			buildSettings = {
				ALWAYS_EMBED_SWIFT_STANDARD_LIBRARIES = YES;
				BUNDLE_LOADER = "$(TEST_HOST)";
				CODE_SIGN_STYLE = Automatic;
				DEVELOPMENT_TEAM = RU825ZFXVH;
				INFOPLIST_FILE = MuslimAssisstantAssessmentTests/Info.plist;
				IPHONEOS_DEPLOYMENT_TARGET = 14.2;
				LD_RUNPATH_SEARCH_PATHS = (
					"$(inherited)",
					"@executable_path/Frameworks",
					"@loader_path/Frameworks",
				);
				PRODUCT_BUNDLE_IDENTIFIER = com.MacBookPro.Amj94.MuslimAssisstantAssessmentTests;
				PRODUCT_NAME = "$(TARGET_NAME)";
				SWIFT_VERSION = 5.0;
				TARGETED_DEVICE_FAMILY = "1,2";
				TEST_HOST = "$(BUILT_PRODUCTS_DIR)/MuslimAssisstantAssessment.app/MuslimAssisstantAssessment";
			};
			name = Debug;
		};
		5205506125B8762300ABE81B /* Release */ = {
			isa = XCBuildConfiguration;
			buildSettings = {
				ALWAYS_EMBED_SWIFT_STANDARD_LIBRARIES = YES;
				BUNDLE_LOADER = "$(TEST_HOST)";
				CODE_SIGN_STYLE = Automatic;
				DEVELOPMENT_TEAM = RU825ZFXVH;
				INFOPLIST_FILE = MuslimAssisstantAssessmentTests/Info.plist;
				IPHONEOS_DEPLOYMENT_TARGET = 14.2;
				LD_RUNPATH_SEARCH_PATHS = (
					"$(inherited)",
					"@executable_path/Frameworks",
					"@loader_path/Frameworks",
				);
				PRODUCT_BUNDLE_IDENTIFIER = com.MacBookPro.Amj94.MuslimAssisstantAssessmentTests;
				PRODUCT_NAME = "$(TARGET_NAME)";
				SWIFT_VERSION = 5.0;
				TARGETED_DEVICE_FAMILY = "1,2";
				TEST_HOST = "$(BUILT_PRODUCTS_DIR)/MuslimAssisstantAssessment.app/MuslimAssisstantAssessment";
			};
			name = Release;
		};
		5205506325B8762300ABE81B /* Debug */ = {
			isa = XCBuildConfiguration;
			buildSettings = {
				ALWAYS_EMBED_SWIFT_STANDARD_LIBRARIES = YES;
				CODE_SIGN_STYLE = Automatic;
				DEVELOPMENT_TEAM = RU825ZFXVH;
				INFOPLIST_FILE = MuslimAssisstantAssessmentUITests/Info.plist;
				LD_RUNPATH_SEARCH_PATHS = (
					"$(inherited)",
					"@executable_path/Frameworks",
					"@loader_path/Frameworks",
				);
				PRODUCT_BUNDLE_IDENTIFIER = com.MacBookPro.Amj94.MuslimAssisstantAssessmentUITests;
				PRODUCT_NAME = "$(TARGET_NAME)";
				SWIFT_VERSION = 5.0;
				TARGETED_DEVICE_FAMILY = "1,2";
				TEST_TARGET_NAME = MuslimAssisstantAssessment;
			};
			name = Debug;
		};
		5205506425B8762300ABE81B /* Release */ = {
			isa = XCBuildConfiguration;
			buildSettings = {
				ALWAYS_EMBED_SWIFT_STANDARD_LIBRARIES = YES;
				CODE_SIGN_STYLE = Automatic;
				DEVELOPMENT_TEAM = RU825ZFXVH;
				INFOPLIST_FILE = MuslimAssisstantAssessmentUITests/Info.plist;
				LD_RUNPATH_SEARCH_PATHS = (
					"$(inherited)",
					"@executable_path/Frameworks",
					"@loader_path/Frameworks",
				);
				PRODUCT_BUNDLE_IDENTIFIER = com.MacBookPro.Amj94.MuslimAssisstantAssessmentUITests;
				PRODUCT_NAME = "$(TARGET_NAME)";
				SWIFT_VERSION = 5.0;
				TARGETED_DEVICE_FAMILY = "1,2";
				TEST_TARGET_NAME = MuslimAssisstantAssessment;
			};
			name = Release;
		};
/* End XCBuildConfiguration section */

/* Begin XCConfigurationList section */
		5205502D25B8762000ABE81B /* Build configuration list for PBXProject "MuslimAssisstantAssessment" */ = {
			isa = XCConfigurationList;
			buildConfigurations = (
				5205505A25B8762300ABE81B /* Debug */,
				5205505B25B8762300ABE81B /* Release */,
			);
			defaultConfigurationIsVisible = 0;
			defaultConfigurationName = Release;
		};
		5205505C25B8762300ABE81B /* Build configuration list for PBXNativeTarget "MuslimAssisstantAssessment" */ = {
			isa = XCConfigurationList;
			buildConfigurations = (
				5205505D25B8762300ABE81B /* Debug */,
				5205505E25B8762300ABE81B /* Release */,
			);
			defaultConfigurationIsVisible = 0;
			defaultConfigurationName = Release;
		};
		5205505F25B8762300ABE81B /* Build configuration list for PBXNativeTarget "MuslimAssisstantAssessmentTests" */ = {
			isa = XCConfigurationList;
			buildConfigurations = (
				5205506025B8762300ABE81B /* Debug */,
				5205506125B8762300ABE81B /* Release */,
			);
			defaultConfigurationIsVisible = 0;
			defaultConfigurationName = Release;
		};
		5205506225B8762300ABE81B /* Build configuration list for PBXNativeTarget "MuslimAssisstantAssessmentUITests" */ = {
			isa = XCConfigurationList;
			buildConfigurations = (
				5205506325B8762300ABE81B /* Debug */,
				5205506425B8762300ABE81B /* Release */,
			);
			defaultConfigurationIsVisible = 0;
			defaultConfigurationName = Release;
		};
/* End XCConfigurationList section */
	};
	rootObject = 5205502A25B8762000ABE81B /* Project object */;
}
